{
  "requires": true,
  "lockfileVersion": 1,
  "dependencies": {
    "uifx": {
      "version": "2.0.7",
      "resolved": "https://registry.npmjs.org/uifx/-/uifx-2.0.7.tgz",
      "integrity": "sha512-tnPwdYe1dDmsxWJeU84CjDN/rcWOzOcG6tL1bsi5bUXw5nJaq+c4ThsbShMkedX2dAQ5gq1Q5CxQGsxwa5wxfw=="
    }
  }
}
